# This file was generated by maven goal 'org.graalvm.python:graalpy-maven-plugin:lock-packages'.
# 
# WARNING: Any manual changes are done at your own risk and will be overwritten when the goal is executed.
# 
# This file is meant to be tracked in a version control system.
# 
# This file contains a list of all required Python packages with their specific versions,
# based on the packages defined in the plugin configuration and their dependencies.
# graalpy-version: 25.0.1
# input-packages: requests,beautifulsoup4
beautifulsoup4==4.14.3
certifi==2026.2.25
charset-normalizer==3.4.7
idna==3.11
requests==2.33.1
soupsieve==2.8.3
typing_extensions==4.15.0
urllib3==2.6.3
